// !$*UTF8*$!
{
	archiveVersion = 1;
	classes = {
	};
	objectVersion = 56;
	objects = {

/* Begin PBXBuildFile section */
		5A03FD782AEA3D8F00520AFE /* Poppins-SemiBold.ttf in Resources */ = {isa = PBXBuildFile; fileRef = 5A03FD752AEA3D8F00520AFE /* Poppins-SemiBold.ttf */; };
		5A03FD792AEA3D8F00520AFE /* Poppins-Light.ttf in Resources */ = {isa = PBXBuildFile; fileRef = 5A03FD762AEA3D8F00520AFE /* Poppins-Light.ttf */; };
		5A03FD7A2AEA3D8F00520AFE /* Poppins-Medium.ttf in Resources */ = {isa = PBXBuildFile; fileRef = 5A03FD772AEA3D8F00520AFE /* Poppins-Medium.ttf */; };
		5A03FD842AEA66D500520AFE /* SignUpVC.swift in Sources */ = {isa = PBXBuildFile; fileRef = 5A03FD832AEA66D500520AFE /* SignUpVC.swift */; };
		5A4567262AE6729100DD75E0 /* DefaultMainStackView.swift in Sources */ = {isa = PBXBuildFile; fileRef = 5A4567252AE6729100DD75E0 /* DefaultMainStackView.swift */; };
		5A88EBFF2AF0ECB60087D0D0 /* MyVisitsCell.swift in Sources */ = {isa = PBXBuildFile; fileRef = 5A88EBFE2AF0ECB60087D0D0 /* MyVisitsCell.swift */; };
		5A88EC012AF0ECFA0087D0D0 /* PlacesModel.swift in Sources */ = {isa = PBXBuildFile; fileRef = 5A88EC002AF0ECFA0087D0D0 /* PlacesModel.swift */; };
		5A89AFD62AF4D16E000F2E4D /* Kingfisher in Frameworks */ = {isa = PBXBuildFile; productRef = 5A89AFD52AF4D16E000F2E4D /* Kingfisher */; };
		5A89AFD82AF4D59B000F2E4D /* HomeDetailPlacesCellVC.swift in Sources */ = {isa = PBXBuildFile; fileRef = 5A89AFD72AF4D59B000F2E4D /* HomeDetailPlacesCellVC.swift */; };
		5A89AFDA2AF4D5B9000F2E4D /* SettingUserCellVC.swift in Sources */ = {isa = PBXBuildFile; fileRef = 5A89AFD92AF4D5B9000F2E4D /* SettingUserCellVC.swift */; };
		5A89AFDC2AF4D5D7000F2E4D /* SettingCellVC.swift in Sources */ = {isa = PBXBuildFile; fileRef = 5A89AFDB2AF4D5D7000F2E4D /* SettingCellVC.swift */; };
		5A89AFE42AF50CE8000F2E4D /* MyVisitVC.swift in Sources */ = {isa = PBXBuildFile; fileRef = 5A89AFE32AF50CE8000F2E4D /* MyVisitVC.swift */; };
		5AE50BBF2ADA6D37004E1FD3 /* AppDelegate.swift in Sources */ = {isa = PBXBuildFile; fileRef = 5AE50BBE2ADA6D37004E1FD3 /* AppDelegate.swift */; };
		5AE50BC12ADA6D37004E1FD3 /* SceneDelegate.swift in Sources */ = {isa = PBXBuildFile; fileRef = 5AE50BC02ADA6D37004E1FD3 /* SceneDelegate.swift */; };
		5AE50BC82ADA6D38004E1FD3 /* Assets.xcassets in Resources */ = {isa = PBXBuildFile; fileRef = 5AE50BC72ADA6D38004E1FD3 /* Assets.xcassets */; };
		5AE50BCB2ADA6D38004E1FD3 /* LaunchScreen.storyboard in Resources */ = {isa = PBXBuildFile; fileRef = 5AE50BC92ADA6D38004E1FD3 /* LaunchScreen.storyboard */; };
		5AE50BD62ADA6D38004E1FD3 /* ApplicationTests.swift in Sources */ = {isa = PBXBuildFile; fileRef = 5AE50BD52ADA6D38004E1FD3 /* ApplicationTests.swift */; };
		5AE50BE02ADA6D38004E1FD3 /* ApplicationUITests.swift in Sources */ = {isa = PBXBuildFile; fileRef = 5AE50BDF2ADA6D38004E1FD3 /* ApplicationUITests.swift */; };
		5AE50BE22ADA6D38004E1FD3 /* ApplicationUITestsLaunchTests.swift in Sources */ = {isa = PBXBuildFile; fileRef = 5AE50BE12ADA6D38004E1FD3 /* ApplicationUITestsLaunchTests.swift */; };
		5AE50BEF2ADA6D5F004E1FD3 /* Extensions.swift in Sources */ = {isa = PBXBuildFile; fileRef = 5AE50BEE2ADA6D5F004E1FD3 /* Extensions.swift */; };
		5AE50BF72ADA6DF9004E1FD3 /* LaunchScreen.swift in Sources */ = {isa = PBXBuildFile; fileRef = 5AE50BF62ADA6DF9004E1FD3 /* LaunchScreen.swift */; };
		5AE50BFA2ADA7727004E1FD3 /* SnapKit in Frameworks */ = {isa = PBXBuildFile; productRef = 5AE50BF92ADA7727004E1FD3 /* SnapKit */; };
		5AE50BFD2ADA773A004E1FD3 /* TinyConstraints in Frameworks */ = {isa = PBXBuildFile; productRef = 5AE50BFC2ADA773A004E1FD3 /* TinyConstraints */; };
		5AE50BFF2ADA8A87004E1FD3 /* LoginVC.swift in Sources */ = {isa = PBXBuildFile; fileRef = 5AE50BFE2ADA8A87004E1FD3 /* LoginVC.swift */; };
		5AE50C012ADB3121004E1FD3 /* DefaultButton.swift in Sources */ = {isa = PBXBuildFile; fileRef = 5AE50C002ADB3121004E1FD3 /* DefaultButton.swift */; };
		600C6C402AF529A10080BA35 /* KeychainHelper.swift in Sources */ = {isa = PBXBuildFile; fileRef = 600C6C3F2AF529A10080BA35 /* KeychainHelper.swift */; };
		600C6C412AF52C050080BA35 /* HomeViewModel.swift in Sources */ = {isa = PBXBuildFile; fileRef = 60353D9A2AF4E1AB0059318E /* HomeViewModel.swift */; };
		600C6C422AF52C740080BA35 /* HomeHeaderCell.swift in Sources */ = {isa = PBXBuildFile; fileRef = 602C65642AF38273003355EB /* HomeHeaderCell.swift */; };
		600C6C432AF52C790080BA35 /* ColorConstants.swift in Sources */ = {isa = PBXBuildFile; fileRef = 602C65622AF37E8F003355EB /* ColorConstants.swift */; };
		600C6C442AF52C800080BA35 /* HomeCell.swift in Sources */ = {isa = PBXBuildFile; fileRef = 60DECAD42AF0FDD600A0EC49 /* HomeCell.swift */; };
		602C65672AF38F83003355EB /* HomeListSection.swift in Sources */ = {isa = PBXBuildFile; fileRef = 602C65662AF38F83003355EB /* HomeListSection.swift */; };
		6041B7A52AEF93CF0076E0CC /* Router.swift in Sources */ = {isa = PBXBuildFile; fileRef = 6041B7A42AEF93CF0076E0CC /* Router.swift */; };
		6041B7A72AEF93D70076E0CC /* NetworkHelper.swift in Sources */ = {isa = PBXBuildFile; fileRef = 6041B7A62AEF93D70076E0CC /* NetworkHelper.swift */; };
		6041B7A92AEF93E20076E0CC /* LoginViewModel.swift in Sources */ = {isa = PBXBuildFile; fileRef = 6041B7A82AEF93E20076E0CC /* LoginViewModel.swift */; };
		6041B7AB2AEF93E90076E0CC /* UserModel.swift in Sources */ = {isa = PBXBuildFile; fileRef = 6041B7AA2AEF93E90076E0CC /* UserModel.swift */; };
		6041B7AD2AEF94830076E0CC /* SingUpViewModel.swift in Sources */ = {isa = PBXBuildFile; fileRef = 6041B7AC2AEF94830076E0CC /* SingUpViewModel.swift */; };
		6041B7AF2AEF95810076E0CC /* MainTabbar.swift in Sources */ = {isa = PBXBuildFile; fileRef = 6041B7AE2AEF95810076E0CC /* MainTabbar.swift */; };
		6041B7B12AEF95870076E0CC /* SettingsVC.swift in Sources */ = {isa = PBXBuildFile; fileRef = 6041B7B02AEF95870076E0CC /* SettingsVC.swift */; };
		6041B7B32AEF95950076E0CC /* MapVC.swift in Sources */ = {isa = PBXBuildFile; fileRef = 6041B7B22AEF95950076E0CC /* MapVC.swift */; };
		6041B7B52AEF959B0076E0CC /* HomeDetailPlacesVC.swift in Sources */ = {isa = PBXBuildFile; fileRef = 6041B7B42AEF959B0076E0CC /* HomeDetailPlacesVC.swift */; };
		6041B7B92AEF98880076E0CC /* HomeVC.swift in Sources */ = {isa = PBXBuildFile; fileRef = 6041B7B82AEF98880076E0CC /* HomeVC.swift */; };
		6041B7BC2AEF98D90076E0CC /* Alamofire in Frameworks */ = {isa = PBXBuildFile; productRef = 6041B7BB2AEF98D90076E0CC /* Alamofire */; };
		6041B7BF2AEF98EE0076E0CC /* IQKeyboardManagerSwift in Frameworks */ = {isa = PBXBuildFile; productRef = 6041B7BE2AEF98EE0076E0CC /* IQKeyboardManagerSwift */; };
		6041B7C32AEFC8530076E0CC /* CustomTextField.swift in Sources */ = {isa = PBXBuildFile; fileRef = 6041B7C22AEFC8530076E0CC /* CustomTextField.swift */; };
		60DECAD12AF0E13900A0EC49 /* Main.storyboard in Resources */ = {isa = PBXBuildFile; fileRef = 60DECAD02AF0E13900A0EC49 /* Main.storyboard */; };
/* End PBXBuildFile section */

/* Begin PBXContainerItemProxy section */
		5AE50BD22ADA6D38004E1FD3 /* PBXContainerItemProxy */ = {
			isa = PBXContainerItemProxy;
			containerPortal = 5AE50BB32ADA6D37004E1FD3 /* Project object */;
			proxyType = 1;
			remoteGlobalIDString = 5AE50BBA2ADA6D37004E1FD3;
			remoteInfo = Application;
		};
		5AE50BDC2ADA6D38004E1FD3 /* PBXContainerItemProxy */ = {
			isa = PBXContainerItemProxy;
			containerPortal = 5AE50BB32ADA6D37004E1FD3 /* Project object */;
			proxyType = 1;
			remoteGlobalIDString = 5AE50BBA2ADA6D37004E1FD3;
			remoteInfo = Application;
		};
/* End PBXContainerItemProxy section */

/* Begin PBXFileReference section */
		5A03FD752AEA3D8F00520AFE /* Poppins-SemiBold.ttf */ = {isa = PBXFileReference; lastKnownFileType = file; path = "Poppins-SemiBold.ttf"; sourceTree = "<group>"; };
		5A03FD762AEA3D8F00520AFE /* Poppins-Light.ttf */ = {isa = PBXFileReference; lastKnownFileType = file; path = "Poppins-Light.ttf"; sourceTree = "<group>"; };
		5A03FD772AEA3D8F00520AFE /* Poppins-Medium.ttf */ = {isa = PBXFileReference; lastKnownFileType = file; path = "Poppins-Medium.ttf"; sourceTree = "<group>"; };
		5A03FD832AEA66D500520AFE /* SignUpVC.swift */ = {isa = PBXFileReference; lastKnownFileType = sourcecode.swift; path = SignUpVC.swift; sourceTree = "<group>"; };
		5A4567252AE6729100DD75E0 /* DefaultMainStackView.swift */ = {isa = PBXFileReference; lastKnownFileType = sourcecode.swift; path = DefaultMainStackView.swift; sourceTree = "<group>"; };
		5A88EBFE2AF0ECB60087D0D0 /* MyVisitsCell.swift */ = {isa = PBXFileReference; lastKnownFileType = sourcecode.swift; path = MyVisitsCell.swift; sourceTree = "<group>"; };
		5A88EC002AF0ECFA0087D0D0 /* PlacesModel.swift */ = {isa = PBXFileReference; lastKnownFileType = sourcecode.swift; path = PlacesModel.swift; sourceTree = "<group>"; };
		5A89AFD72AF4D59B000F2E4D /* HomeDetailPlacesCellVC.swift */ = {isa = PBXFileReference; lastKnownFileType = sourcecode.swift; path = HomeDetailPlacesCellVC.swift; sourceTree = "<group>"; };
		5A89AFD92AF4D5B9000F2E4D /* SettingUserCellVC.swift */ = {isa = PBXFileReference; lastKnownFileType = sourcecode.swift; path = SettingUserCellVC.swift; sourceTree = "<group>"; };
		5A89AFDB2AF4D5D7000F2E4D /* SettingCellVC.swift */ = {isa = PBXFileReference; lastKnownFileType = sourcecode.swift; path = SettingCellVC.swift; sourceTree = "<group>"; };
		5A89AFE32AF50CE8000F2E4D /* MyVisitVC.swift */ = {isa = PBXFileReference; lastKnownFileType = sourcecode.swift; path = MyVisitVC.swift; sourceTree = "<group>"; };
		5AE50BBB2ADA6D37004E1FD3 /* Application.app */ = {isa = PBXFileReference; explicitFileType = wrapper.application; includeInIndex = 0; path = Application.app; sourceTree = BUILT_PRODUCTS_DIR; };
		5AE50BBE2ADA6D37004E1FD3 /* AppDelegate.swift */ = {isa = PBXFileReference; lastKnownFileType = sourcecode.swift; path = AppDelegate.swift; sourceTree = "<group>"; };
		5AE50BC02ADA6D37004E1FD3 /* SceneDelegate.swift */ = {isa = PBXFileReference; lastKnownFileType = sourcecode.swift; path = SceneDelegate.swift; sourceTree = "<group>"; };
		5AE50BC72ADA6D38004E1FD3 /* Assets.xcassets */ = {isa = PBXFileReference; lastKnownFileType = folder.assetcatalog; path = Assets.xcassets; sourceTree = "<group>"; };
		5AE50BCA2ADA6D38004E1FD3 /* Base */ = {isa = PBXFileReference; lastKnownFileType = file.storyboard; name = Base; path = Base.lproj/LaunchScreen.storyboard; sourceTree = "<group>"; };
		5AE50BCC2ADA6D38004E1FD3 /* Info.plist */ = {isa = PBXFileReference; lastKnownFileType = text.plist.xml; path = Info.plist; sourceTree = "<group>"; };
		5AE50BD12ADA6D38004E1FD3 /* ApplicationTests.xctest */ = {isa = PBXFileReference; explicitFileType = wrapper.cfbundle; includeInIndex = 0; path = ApplicationTests.xctest; sourceTree = BUILT_PRODUCTS_DIR; };
		5AE50BD52ADA6D38004E1FD3 /* ApplicationTests.swift */ = {isa = PBXFileReference; lastKnownFileType = sourcecode.swift; path = ApplicationTests.swift; sourceTree = "<group>"; };
		5AE50BDB2ADA6D38004E1FD3 /* ApplicationUITests.xctest */ = {isa = PBXFileReference; explicitFileType = wrapper.cfbundle; includeInIndex = 0; path = ApplicationUITests.xctest; sourceTree = BUILT_PRODUCTS_DIR; };
		5AE50BDF2ADA6D38004E1FD3 /* ApplicationUITests.swift */ = {isa = PBXFileReference; lastKnownFileType = sourcecode.swift; path = ApplicationUITests.swift; sourceTree = "<group>"; };
		5AE50BE12ADA6D38004E1FD3 /* ApplicationUITestsLaunchTests.swift */ = {isa = PBXFileReference; lastKnownFileType = sourcecode.swift; path = ApplicationUITestsLaunchTests.swift; sourceTree = "<group>"; };
		5AE50BEE2ADA6D5F004E1FD3 /* Extensions.swift */ = {isa = PBXFileReference; lastKnownFileType = sourcecode.swift; path = Extensions.swift; sourceTree = "<group>"; };
		5AE50BF62ADA6DF9004E1FD3 /* LaunchScreen.swift */ = {isa = PBXFileReference; lastKnownFileType = sourcecode.swift; path = LaunchScreen.swift; sourceTree = "<group>"; };
		5AE50BFE2ADA8A87004E1FD3 /* LoginVC.swift */ = {isa = PBXFileReference; lastKnownFileType = sourcecode.swift; path = LoginVC.swift; sourceTree = "<group>"; };
		5AE50C002ADB3121004E1FD3 /* DefaultButton.swift */ = {isa = PBXFileReference; lastKnownFileType = sourcecode.swift; path = DefaultButton.swift; sourceTree = "<group>"; };
		600C6C3F2AF529A10080BA35 /* KeychainHelper.swift */ = {isa = PBXFileReference; fileEncoding = 4; lastKnownFileType = sourcecode.swift; path = KeychainHelper.swift; sourceTree = "<group>"; };
		602C65622AF37E8F003355EB /* ColorConstants.swift */ = {isa = PBXFileReference; fileEncoding = 4; lastKnownFileType = sourcecode.swift; path = ColorConstants.swift; sourceTree = "<group>"; };
		602C65642AF38273003355EB /* HomeHeaderCell.swift */ = {isa = PBXFileReference; fileEncoding = 4; lastKnownFileType = sourcecode.swift; path = HomeHeaderCell.swift; sourceTree = "<group>"; };
		602C65662AF38F83003355EB /* HomeListSection.swift */ = {isa = PBXFileReference; lastKnownFileType = sourcecode.swift; path = HomeListSection.swift; sourceTree = "<group>"; };
		60353D9A2AF4E1AB0059318E /* HomeViewModel.swift */ = {isa = PBXFileReference; lastKnownFileType = sourcecode.swift; path = HomeViewModel.swift; sourceTree = "<group>"; };
		6041B7A42AEF93CF0076E0CC /* Router.swift */ = {isa = PBXFileReference; fileEncoding = 4; lastKnownFileType = sourcecode.swift; path = Router.swift; sourceTree = "<group>"; };
		6041B7A62AEF93D70076E0CC /* NetworkHelper.swift */ = {isa = PBXFileReference; fileEncoding = 4; lastKnownFileType = sourcecode.swift; path = NetworkHelper.swift; sourceTree = "<group>"; };
		6041B7A82AEF93E20076E0CC /* LoginViewModel.swift */ = {isa = PBXFileReference; fileEncoding = 4; lastKnownFileType = sourcecode.swift; path = LoginViewModel.swift; sourceTree = "<group>"; };
		6041B7AA2AEF93E90076E0CC /* UserModel.swift */ = {isa = PBXFileReference; fileEncoding = 4; lastKnownFileType = sourcecode.swift; path = UserModel.swift; sourceTree = "<group>"; };
		6041B7AC2AEF94830076E0CC /* SingUpViewModel.swift */ = {isa = PBXFileReference; fileEncoding = 4; lastKnownFileType = sourcecode.swift; path = SingUpViewModel.swift; sourceTree = "<group>"; };
		6041B7AE2AEF95810076E0CC /* MainTabbar.swift */ = {isa = PBXFileReference; fileEncoding = 4; lastKnownFileType = sourcecode.swift; path = MainTabbar.swift; sourceTree = "<group>"; };
		6041B7B02AEF95870076E0CC /* SettingsVC.swift */ = {isa = PBXFileReference; fileEncoding = 4; lastKnownFileType = sourcecode.swift; path = SettingsVC.swift; sourceTree = "<group>"; };
		6041B7B22AEF95950076E0CC /* MapVC.swift */ = {isa = PBXFileReference; fileEncoding = 4; lastKnownFileType = sourcecode.swift; path = MapVC.swift; sourceTree = "<group>"; };
		6041B7B42AEF959B0076E0CC /* HomeDetailPlacesVC.swift */ = {isa = PBXFileReference; fileEncoding = 4; lastKnownFileType = sourcecode.swift; path = HomeDetailPlacesVC.swift; sourceTree = "<group>"; };
		6041B7B82AEF98880076E0CC /* HomeVC.swift */ = {isa = PBXFileReference; fileEncoding = 4; lastKnownFileType = sourcecode.swift; path = HomeVC.swift; sourceTree = "<group>"; };
		6041B7C22AEFC8530076E0CC /* CustomTextField.swift */ = {isa = PBXFileReference; lastKnownFileType = sourcecode.swift; path = CustomTextField.swift; sourceTree = "<group>"; };
		60DECAD02AF0E13900A0EC49 /* Main.storyboard */ = {isa = PBXFileReference; fileEncoding = 4; lastKnownFileType = file.storyboard; path = Main.storyboard; sourceTree = "<group>"; };
		60DECAD42AF0FDD600A0EC49 /* HomeCell.swift */ = {isa = PBXFileReference; lastKnownFileType = sourcecode.swift; path = HomeCell.swift; sourceTree = "<group>"; };
/* End PBXFileReference section */

/* Begin PBXFrameworksBuildPhase section */
		5AE50BB82ADA6D37004E1FD3 /* Frameworks */ = {
			isa = PBXFrameworksBuildPhase;
			buildActionMask = 2147483647;
			files = (
				6041B7BC2AEF98D90076E0CC /* Alamofire in Frameworks */,
				6041B7BF2AEF98EE0076E0CC /* IQKeyboardManagerSwift in Frameworks */,
				5AE50BFA2ADA7727004E1FD3 /* SnapKit in Frameworks */,
				5AE50BFD2ADA773A004E1FD3 /* TinyConstraints in Frameworks */,
				5A89AFD62AF4D16E000F2E4D /* Kingfisher in Frameworks */,
			);
			runOnlyForDeploymentPostprocessing = 0;
		};
		5AE50BCE2ADA6D38004E1FD3 /* Frameworks */ = {
			isa = PBXFrameworksBuildPhase;
			buildActionMask = 2147483647;
			files = (
			);
			runOnlyForDeploymentPostprocessing = 0;
		};
		5AE50BD82ADA6D38004E1FD3 /* Frameworks */ = {
			isa = PBXFrameworksBuildPhase;
			buildActionMask = 2147483647;
			files = (
			);
			runOnlyForDeploymentPostprocessing = 0;
		};
/* End PBXFrameworksBuildPhase section */

/* Begin PBXGroup section */
		5AE50BB22ADA6D37004E1FD3 = {
			isa = PBXGroup;
			children = (
				5A03FD762AEA3D8F00520AFE /* Poppins-Light.ttf */,
				5A03FD772AEA3D8F00520AFE /* Poppins-Medium.ttf */,
				5A03FD752AEA3D8F00520AFE /* Poppins-SemiBold.ttf */,
				5AE50BBD2ADA6D37004E1FD3 /* Application */,
				5AE50BD42ADA6D38004E1FD3 /* ApplicationTests */,
				5AE50BDE2ADA6D38004E1FD3 /* ApplicationUITests */,
				5AE50BBC2ADA6D37004E1FD3 /* Products */,
			);
			sourceTree = "<group>";
		};
		5AE50BBC2ADA6D37004E1FD3 /* Products */ = {
			isa = PBXGroup;
			children = (
				5AE50BBB2ADA6D37004E1FD3 /* Application.app */,
				5AE50BD12ADA6D38004E1FD3 /* ApplicationTests.xctest */,
				5AE50BDB2ADA6D38004E1FD3 /* ApplicationUITests.xctest */,
			);
			name = Products;
			sourceTree = "<group>";
		};
		5AE50BBD2ADA6D37004E1FD3 /* Application */ = {
			isa = PBXGroup;
			children = (
				5AE50BBE2ADA6D37004E1FD3 /* AppDelegate.swift */,
				5AE50BC02ADA6D37004E1FD3 /* SceneDelegate.swift */,
				60DECABE2AF0D9A800A0EC49 /* core */,
				60DECAC32AF0DAF500A0EC49 /* features */,
				60DECABF2AF0D9B900A0EC49 /* product */,
				5AE50BCC2ADA6D38004E1FD3 /* Info.plist */,
				5AE50BC72ADA6D38004E1FD3 /* Assets.xcassets */,
			);
			path = Application;
			sourceTree = "<group>";
		};
		5AE50BD42ADA6D38004E1FD3 /* ApplicationTests */ = {
			isa = PBXGroup;
			children = (
				5AE50BD52ADA6D38004E1FD3 /* ApplicationTests.swift */,
			);
			path = ApplicationTests;
			sourceTree = "<group>";
		};
		5AE50BDE2ADA6D38004E1FD3 /* ApplicationUITests */ = {
			isa = PBXGroup;
			children = (
				5AE50BDF2ADA6D38004E1FD3 /* ApplicationUITests.swift */,
				5AE50BE12ADA6D38004E1FD3 /* ApplicationUITestsLaunchTests.swift */,
			);
			path = ApplicationUITests;
			sourceTree = "<group>";
		};
		5AE50BF02ADA6D7A004E1FD3 /* components */ = {
			isa = PBXGroup;
			children = (
				5AE50C002ADB3121004E1FD3 /* DefaultButton.swift */,
				5A4567252AE6729100DD75E0 /* DefaultMainStackView.swift */,
				6041B7C22AEFC8530076E0CC /* CustomTextField.swift */,
			);
			path = components;
			sourceTree = "<group>";
		};
		602C65612AF37E8F003355EB /* constants */ = {
			isa = PBXGroup;
			children = (
				602C65622AF37E8F003355EB /* ColorConstants.swift */,
			);
			path = constants;
			sourceTree = "<group>";
		};
		60353D992AF4DFB50059318E /* component */ = {
			isa = PBXGroup;
			children = (
				602C65662AF38F83003355EB /* HomeListSection.swift */,
				602C65642AF38273003355EB /* HomeHeaderCell.swift */,
				60DECAD42AF0FDD600A0EC49 /* HomeCell.swift */,
			);
			path = component;
			sourceTree = "<group>";
		};
		60DECABE2AF0D9A800A0EC49 /* core */ = {
			isa = PBXGroup;
			children = (
				5AE50BEE2ADA6D5F004E1FD3 /* Extensions.swift */,
				602C65612AF37E8F003355EB /* constants */,
				60DECAC82AF0DBE000A0EC49 /* helper */,
				60DECAC72AF0DBD300A0EC49 /* utils */,
				5AE50BC92ADA6D38004E1FD3 /* LaunchScreen.storyboard */,
				60DECAD02AF0E13900A0EC49 /* Main.storyboard */,
				5AE50BF62ADA6DF9004E1FD3 /* LaunchScreen.swift */,
			);
			path = core;
			sourceTree = "<group>";
		};
		60DECABF2AF0D9B900A0EC49 /* product */ = {
			isa = PBXGroup;
			children = (
				60DECAC12AF0DA8A00A0EC49 /* models */,
				5AE50BF02ADA6D7A004E1FD3 /* components */,
			);
			path = product;
			sourceTree = "<group>";
		};
		60DECAC12AF0DA8A00A0EC49 /* models */ = {
			isa = PBXGroup;
			children = (
				6041B7AA2AEF93E90076E0CC /* UserModel.swift */,
				5A88EC002AF0ECFA0087D0D0 /* PlacesModel.swift */,
			);
			path = models;
			sourceTree = "<group>";
		};
		60DECAC32AF0DAF500A0EC49 /* features */ = {
			isa = PBXGroup;
			children = (
				60DECACE2AF0DDE900A0EC49 /* myVisit */,
				60DECACD2AF0DDD300A0EC49 /* placeDetail */,
				60DECACC2AF0DDCA00A0EC49 /* map */,
				60DECACB2AF0DDBC00A0EC49 /* settings */,
				60DECACA2AF0DD9B00A0EC49 /* mainTabbar */,
				60DECAC92AF0DC5600A0EC49 /* home */,
				60DECAC42AF0DB0E00A0EC49 /* auth */,
			);
			path = features;
			sourceTree = "<group>";
		};
		60DECAC42AF0DB0E00A0EC49 /* auth */ = {
			isa = PBXGroup;
			children = (
				60DECAC62AF0DB6E00A0EC49 /* signUp */,
				60DECAC52AF0DB2C00A0EC49 /* login */,
			);
			path = auth;
			sourceTree = "<group>";
		};
		60DECAC52AF0DB2C00A0EC49 /* login */ = {
			isa = PBXGroup;
			children = (
				60DECACF2AF0DE5700A0EC49 /* component */,
				5AE50BFE2ADA8A87004E1FD3 /* LoginVC.swift */,
				6041B7A82AEF93E20076E0CC /* LoginViewModel.swift */,
			);
			path = login;
			sourceTree = "<group>";
		};
		60DECAC62AF0DB6E00A0EC49 /* signUp */ = {
			isa = PBXGroup;
			children = (
				6041B7AC2AEF94830076E0CC /* SingUpViewModel.swift */,
				5A03FD832AEA66D500520AFE /* SignUpVC.swift */,
			);
			path = signUp;
			sourceTree = "<group>";
		};
		60DECAC72AF0DBD300A0EC49 /* utils */ = {
			isa = PBXGroup;
			children = (
				6041B7A42AEF93CF0076E0CC /* Router.swift */,
			);
			path = utils;
			sourceTree = "<group>";
		};
		60DECAC82AF0DBE000A0EC49 /* helper */ = {
			isa = PBXGroup;
			children = (
				6041B7A62AEF93D70076E0CC /* NetworkHelper.swift */,
				600C6C3F2AF529A10080BA35 /* KeychainHelper.swift */,
			);
			path = helper;
			sourceTree = "<group>";
		};
		60DECAC92AF0DC5600A0EC49 /* home */ = {
			isa = PBXGroup;
			children = (
				60353D992AF4DFB50059318E /* component */,
				6041B7B82AEF98880076E0CC /* HomeVC.swift */,
				60353D9A2AF4E1AB0059318E /* HomeViewModel.swift */,
			);
			path = home;
			sourceTree = "<group>";
		};
		60DECACA2AF0DD9B00A0EC49 /* mainTabbar */ = {
			isa = PBXGroup;
			children = (
				6041B7AE2AEF95810076E0CC /* MainTabbar.swift */,
			);
			path = mainTabbar;
			sourceTree = "<group>";
		};
		60DECACB2AF0DDBC00A0EC49 /* settings */ = {
			isa = PBXGroup;
			children = (
				6041B7B02AEF95870076E0CC /* SettingsVC.swift */,
				5A89AFD92AF4D5B9000F2E4D /* SettingUserCellVC.swift */,
				5A89AFDB2AF4D5D7000F2E4D /* SettingCellVC.swift */,
			);
			path = settings;
			sourceTree = "<group>";
		};
		60DECACC2AF0DDCA00A0EC49 /* map */ = {
			isa = PBXGroup;
			children = (
				6041B7B22AEF95950076E0CC /* MapVC.swift */,
			);
			path = map;
			sourceTree = "<group>";
		};
		60DECACD2AF0DDD300A0EC49 /* placeDetail */ = {
			isa = PBXGroup;
			children = (
				6041B7B42AEF959B0076E0CC /* HomeDetailPlacesVC.swift */,
				5A89AFD72AF4D59B000F2E4D /* HomeDetailPlacesCellVC.swift */,
			);
			path = placeDetail;
			sourceTree = "<group>";
		};
		60DECACE2AF0DDE900A0EC49 /* myVisit */ = {
			isa = PBXGroup;
			children = (
				5A89AFE32AF50CE8000F2E4D /* MyVisitVC.swift */,
				5A88EBFE2AF0ECB60087D0D0 /* MyVisitsCell.swift */,
			);
			path = myVisit;
			sourceTree = "<group>";
		};
		60DECACF2AF0DE5700A0EC49 /* component */ = {
			isa = PBXGroup;
			children = (
			);
			path = component;
			sourceTree = "<group>";
		};
/* End PBXGroup section */

/* Begin PBXNativeTarget section */
		5AE50BBA2ADA6D37004E1FD3 /* Application */ = {
			isa = PBXNativeTarget;
			buildConfigurationList = 5AE50BE52ADA6D38004E1FD3 /* Build configuration list for PBXNativeTarget "Application" */;
			buildPhases = (
				5AE50BB72ADA6D37004E1FD3 /* Sources */,
				5AE50BB82ADA6D37004E1FD3 /* Frameworks */,
				5AE50BB92ADA6D37004E1FD3 /* Resources */,
			);
			buildRules = (
			);
			dependencies = (
			);
			name = Application;
			packageProductDependencies = (
				5AE50BF92ADA7727004E1FD3 /* SnapKit */,
				5AE50BFC2ADA773A004E1FD3 /* TinyConstraints */,
				6041B7BB2AEF98D90076E0CC /* Alamofire */,
				6041B7BE2AEF98EE0076E0CC /* IQKeyboardManagerSwift */,
				5A89AFD52AF4D16E000F2E4D /* Kingfisher */,
			);
			productName = Application;
			productReference = 5AE50BBB2ADA6D37004E1FD3 /* Application.app */;
			productType = "com.apple.product-type.application";
		};
		5AE50BD02ADA6D38004E1FD3 /* ApplicationTests */ = {
			isa = PBXNativeTarget;
			buildConfigurationList = 5AE50BE82ADA6D38004E1FD3 /* Build configuration list for PBXNativeTarget "ApplicationTests" */;
			buildPhases = (
				5AE50BCD2ADA6D38004E1FD3 /* Sources */,
				5AE50BCE2ADA6D38004E1FD3 /* Frameworks */,
				5AE50BCF2ADA6D38004E1FD3 /* Resources */,
			);
			buildRules = (
			);
			dependencies = (
				5AE50BD32ADA6D38004E1FD3 /* PBXTargetDependency */,
			);
			name = ApplicationTests;
			productName = ApplicationTests;
			productReference = 5AE50BD12ADA6D38004E1FD3 /* ApplicationTests.xctest */;
			productType = "com.apple.product-type.bundle.unit-test";
		};
		5AE50BDA2ADA6D38004E1FD3 /* ApplicationUITests */ = {
			isa = PBXNativeTarget;
			buildConfigurationList = 5AE50BEB2ADA6D38004E1FD3 /* Build configuration list for PBXNativeTarget "ApplicationUITests" */;
			buildPhases = (
				5AE50BD72ADA6D38004E1FD3 /* Sources */,
				5AE50BD82ADA6D38004E1FD3 /* Frameworks */,
				5AE50BD92ADA6D38004E1FD3 /* Resources */,
			);
			buildRules = (
			);
			dependencies = (
				5AE50BDD2ADA6D38004E1FD3 /* PBXTargetDependency */,
			);
			name = ApplicationUITests;
			productName = ApplicationUITests;
			productReference = 5AE50BDB2ADA6D38004E1FD3 /* ApplicationUITests.xctest */;
			productType = "com.apple.product-type.bundle.ui-testing";
		};
/* End PBXNativeTarget section */

/* Begin PBXProject section */
		5AE50BB32ADA6D37004E1FD3 /* Project object */ = {
			isa = PBXProject;
			attributes = {
				BuildIndependentTargetsInParallel = 1;
				LastSwiftUpdateCheck = 1430;
				LastUpgradeCheck = 1430;
				TargetAttributes = {
					5AE50BBA2ADA6D37004E1FD3 = {
						CreatedOnToolsVersion = 14.3.1;
					};
					5AE50BD02ADA6D38004E1FD3 = {
						CreatedOnToolsVersion = 14.3.1;
						TestTargetID = 5AE50BBA2ADA6D37004E1FD3;
					};
					5AE50BDA2ADA6D38004E1FD3 = {
						CreatedOnToolsVersion = 14.3.1;
						TestTargetID = 5AE50BBA2ADA6D37004E1FD3;
					};
				};
			};
			buildConfigurationList = 5AE50BB62ADA6D37004E1FD3 /* Build configuration list for PBXProject "Application" */;
			compatibilityVersion = "Xcode 14.0";
			developmentRegion = en;
			hasScannedForEncodings = 0;
			knownRegions = (
				en,
				Base,
			);
			mainGroup = 5AE50BB22ADA6D37004E1FD3;
			packageReferences = (
				5AE50BF82ADA7727004E1FD3 /* XCRemoteSwiftPackageReference "SnapKit" */,
				5AE50BFB2ADA773A004E1FD3 /* XCRemoteSwiftPackageReference "TinyConstraints" */,
				6041B7BA2AEF98D90076E0CC /* XCRemoteSwiftPackageReference "Alamofire" */,
				6041B7BD2AEF98EE0076E0CC /* XCRemoteSwiftPackageReference "IQKeyboardManager" */,
				5A89AFD42AF4D16E000F2E4D /* XCRemoteSwiftPackageReference "Kingfisher" */,
			);
			productRefGroup = 5AE50BBC2ADA6D37004E1FD3 /* Products */;
			projectDirPath = "";
			projectRoot = "";
			targets = (
				5AE50BBA2ADA6D37004E1FD3 /* Application */,
				5AE50BD02ADA6D38004E1FD3 /* ApplicationTests */,
				5AE50BDA2ADA6D38004E1FD3 /* ApplicationUITests */,
			);
		};
/* End PBXProject section */

/* Begin PBXResourcesBuildPhase section */
		5AE50BB92ADA6D37004E1FD3 /* Resources */ = {
			isa = PBXResourcesBuildPhase;
			buildActionMask = 2147483647;
			files = (
				5AE50BCB2ADA6D38004E1FD3 /* LaunchScreen.storyboard in Resources */,
				5A03FD782AEA3D8F00520AFE /* Poppins-SemiBold.ttf in Resources */,
				5A03FD792AEA3D8F00520AFE /* Poppins-Light.ttf in Resources */,
				60DECAD12AF0E13900A0EC49 /* Main.storyboard in Resources */,
				5A03FD7A2AEA3D8F00520AFE /* Poppins-Medium.ttf in Resources */,
				5AE50BC82ADA6D38004E1FD3 /* Assets.xcassets in Resources */,
			);
			runOnlyForDeploymentPostprocessing = 0;
		};
		5AE50BCF2ADA6D38004E1FD3 /* Resources */ = {
			isa = PBXResourcesBuildPhase;
			buildActionMask = 2147483647;
			files = (
			);
			runOnlyForDeploymentPostprocessing = 0;
		};
		5AE50BD92ADA6D38004E1FD3 /* Resources */ = {
			isa = PBXResourcesBuildPhase;
			buildActionMask = 2147483647;
			files = (
			);
			runOnlyForDeploymentPostprocessing = 0;
		};
/* End PBXResourcesBuildPhase section */

/* Begin PBXSourcesBuildPhase section */
		5AE50BB72ADA6D37004E1FD3 /* Sources */ = {
			isa = PBXSourcesBuildPhase;
			buildActionMask = 2147483647;
			files = (
				600C6C442AF52C800080BA35 /* HomeCell.swift in Sources */,
				600C6C432AF52C790080BA35 /* ColorConstants.swift in Sources */,
				600C6C422AF52C740080BA35 /* HomeHeaderCell.swift in Sources */,
				600C6C412AF52C050080BA35 /* HomeViewModel.swift in Sources */,
				5A03FD842AEA66D500520AFE /* SignUpVC.swift in Sources */,
				5AE50BF72ADA6DF9004E1FD3 /* LaunchScreen.swift in Sources */,
				5AE50BFF2ADA8A87004E1FD3 /* LoginVC.swift in Sources */,
				5A89AFE42AF50CE8000F2E4D /* MyVisitVC.swift in Sources */,
				600C6C402AF529A10080BA35 /* KeychainHelper.swift in Sources */,
				6041B7B32AEF95950076E0CC /* MapVC.swift in Sources */,
				6041B7A92AEF93E20076E0CC /* LoginViewModel.swift in Sources */,
				5AE50BBF2ADA6D37004E1FD3 /* AppDelegate.swift in Sources */,
				5A4567262AE6729100DD75E0 /* DefaultMainStackView.swift in Sources */,
				6041B7B92AEF98880076E0CC /* HomeVC.swift in Sources */,
				6041B7B52AEF959B0076E0CC /* HomeDetailPlacesVC.swift in Sources */,
				6041B7C32AEFC8530076E0CC /* CustomTextField.swift in Sources */,
				5A89AFDC2AF4D5D7000F2E4D /* SettingCellVC.swift in Sources */,
				6041B7AB2AEF93E90076E0CC /* UserModel.swift in Sources */,
				6041B7B12AEF95870076E0CC /* SettingsVC.swift in Sources */,
				6041B7A72AEF93D70076E0CC /* NetworkHelper.swift in Sources */,
				5AE50C012ADB3121004E1FD3 /* DefaultButton.swift in Sources */,
				6041B7AD2AEF94830076E0CC /* SingUpViewModel.swift in Sources */,
				5A89AFDA2AF4D5B9000F2E4D /* SettingUserCellVC.swift in Sources */,
				5A88EBFF2AF0ECB60087D0D0 /* MyVisitsCell.swift in Sources */,
				5AE50BC12ADA6D37004E1FD3 /* SceneDelegate.swift in Sources */,
				5A88EC012AF0ECFA0087D0D0 /* PlacesModel.swift in Sources */,
				6041B7AF2AEF95810076E0CC /* MainTabbar.swift in Sources */,
				602C65672AF38F83003355EB /* HomeListSection.swift in Sources */,
				6041B7A52AEF93CF0076E0CC /* Router.swift in Sources */,
				5A89AFD82AF4D59B000F2E4D /* HomeDetailPlacesCellVC.swift in Sources */,
				5AE50BEF2ADA6D5F004E1FD3 /* Extensions.swift in Sources */,
			);
			runOnlyForDeploymentPostprocessing = 0;
		};
		5AE50BCD2ADA6D38004E1FD3 /* Sources */ = {
			isa = PBXSourcesBuildPhase;
			buildActionMask = 2147483647;
			files = (
				5AE50BD62ADA6D38004E1FD3 /* ApplicationTests.swift in Sources */,
			);
			runOnlyForDeploymentPostprocessing = 0;
		};
		5AE50BD72ADA6D38004E1FD3 /* Sources */ = {
			isa = PBXSourcesBuildPhase;
			buildActionMask = 2147483647;
			files = (
				5AE50BE02ADA6D38004E1FD3 /* ApplicationUITests.swift in Sources */,
				5AE50BE22ADA6D38004E1FD3 /* ApplicationUITestsLaunchTests.swift in Sources */,
			);
			runOnlyForDeploymentPostprocessing = 0;
		};
/* End PBXSourcesBuildPhase section */

/* Begin PBXTargetDependency section */
		5AE50BD32ADA6D38004E1FD3 /* PBXTargetDependency */ = {
			isa = PBXTargetDependency;
			target = 5AE50BBA2ADA6D37004E1FD3 /* Application */;
			targetProxy = 5AE50BD22ADA6D38004E1FD3 /* PBXContainerItemProxy */;
		};
		5AE50BDD2ADA6D38004E1FD3 /* PBXTargetDependency */ = {
			isa = PBXTargetDependency;
			target = 5AE50BBA2ADA6D37004E1FD3 /* Application */;
			targetProxy = 5AE50BDC2ADA6D38004E1FD3 /* PBXContainerItemProxy */;
		};
/* End PBXTargetDependency section */

/* Begin PBXVariantGroup section */
		5AE50BC92ADA6D38004E1FD3 /* LaunchScreen.storyboard */ = {
			isa = PBXVariantGroup;
			children = (
				5AE50BCA2ADA6D38004E1FD3 /* Base */,
			);
			name = LaunchScreen.storyboard;
			sourceTree = "<group>";
		};
/* End PBXVariantGroup section */

/* Begin XCBuildConfiguration section */
		5AE50BE32ADA6D38004E1FD3 /* Debug */ = {
			isa = XCBuildConfiguration;
			buildSettings = {
				ALWAYS_SEARCH_USER_PATHS = NO;
				CLANG_ANALYZER_NONNULL = YES;
				CLANG_ANALYZER_NUMBER_OBJECT_CONVERSION = YES_AGGRESSIVE;
				CLANG_CXX_LANGUAGE_STANDARD = "gnu++20";
				CLANG_ENABLE_MODULES = YES;
				CLANG_ENABLE_OBJC_ARC = YES;
				CLANG_ENABLE_OBJC_WEAK = YES;
				CLANG_WARN_BLOCK_CAPTURE_AUTORELEASING = YES;
				CLANG_WARN_BOOL_CONVERSION = YES;
				CLANG_WARN_COMMA = YES;
				CLANG_WARN_CONSTANT_CONVERSION = YES;
				CLANG_WARN_DEPRECATED_OBJC_IMPLEMENTATIONS = YES;
				CLANG_WARN_DIRECT_OBJC_ISA_USAGE = YES_ERROR;
				CLANG_WARN_DOCUMENTATION_COMMENTS = YES;
				CLANG_WARN_EMPTY_BODY = YES;
				CLANG_WARN_ENUM_CONVERSION = YES;
				CLANG_WARN_INFINITE_RECURSION = YES;
				CLANG_WARN_INT_CONVERSION = YES;
				CLANG_WARN_NON_LITERAL_NULL_CONVERSION = YES;
				CLANG_WARN_OBJC_IMPLICIT_RETAIN_SELF = YES;
				CLANG_WARN_OBJC_LITERAL_CONVERSION = YES;
				CLANG_WARN_OBJC_ROOT_CLASS = YES_ERROR;
				CLANG_WARN_QUOTED_INCLUDE_IN_FRAMEWORK_HEADER = YES;
				CLANG_WARN_RANGE_LOOP_ANALYSIS = YES;
				CLANG_WARN_STRICT_PROTOTYPES = YES;
				CLANG_WARN_SUSPICIOUS_MOVE = YES;
				CLANG_WARN_UNGUARDED_AVAILABILITY = YES_AGGRESSIVE;
				CLANG_WARN_UNREACHABLE_CODE = YES;
				CLANG_WARN__DUPLICATE_METHOD_MATCH = YES;
				COPY_PHASE_STRIP = NO;
				DEBUG_INFORMATION_FORMAT = dwarf;
				ENABLE_STRICT_OBJC_MSGSEND = YES;
				ENABLE_TESTABILITY = YES;
				GCC_C_LANGUAGE_STANDARD = gnu11;
				GCC_DYNAMIC_NO_PIC = NO;
				GCC_NO_COMMON_BLOCKS = YES;
				GCC_OPTIMIZATION_LEVEL = 0;
				GCC_PREPROCESSOR_DEFINITIONS = (
					"DEBUG=1",
					"$(inherited)",
				);
				GCC_WARN_64_TO_32_BIT_CONVERSION = YES;
				GCC_WARN_ABOUT_RETURN_TYPE = YES_ERROR;
				GCC_WARN_UNDECLARED_SELECTOR = YES;
				GCC_WARN_UNINITIALIZED_AUTOS = YES_AGGRESSIVE;
				GCC_WARN_UNUSED_FUNCTION = YES;
				GCC_WARN_UNUSED_VARIABLE = YES;
				IPHONEOS_DEPLOYMENT_TARGET = 16.4;
				MTL_ENABLE_DEBUG_INFO = INCLUDE_SOURCE;
				MTL_FAST_MATH = YES;
				ONLY_ACTIVE_ARCH = YES;
				SDKROOT = iphoneos;
				SWIFT_ACTIVE_COMPILATION_CONDITIONS = DEBUG;
				SWIFT_OPTIMIZATION_LEVEL = "-Onone";
			};
			name = Debug;
		};
		5AE50BE42ADA6D38004E1FD3 /* Release */ = {
			isa = XCBuildConfiguration;
			buildSettings = {
				ALWAYS_SEARCH_USER_PATHS = NO;
				CLANG_ANALYZER_NONNULL = YES;
				CLANG_ANALYZER_NUMBER_OBJECT_CONVERSION = YES_AGGRESSIVE;
				CLANG_CXX_LANGUAGE_STANDARD = "gnu++20";
				CLANG_ENABLE_MODULES = YES;
				CLANG_ENABLE_OBJC_ARC = YES;
				CLANG_ENABLE_OBJC_WEAK = YES;
				CLANG_WARN_BLOCK_CAPTURE_AUTORELEASING = YES;
				CLANG_WARN_BOOL_CONVERSION = YES;
				CLANG_WARN_COMMA = YES;
				CLANG_WARN_CONSTANT_CONVERSION = YES;
				CLANG_WARN_DEPRECATED_OBJC_IMPLEMENTATIONS = YES;
				CLANG_WARN_DIRECT_OBJC_ISA_USAGE = YES_ERROR;
				CLANG_WARN_DOCUMENTATION_COMMENTS = YES;
				CLANG_WARN_EMPTY_BODY = YES;
				CLANG_WARN_ENUM_CONVERSION = YES;
				CLANG_WARN_INFINITE_RECURSION = YES;
				CLANG_WARN_INT_CONVERSION = YES;
				CLANG_WARN_NON_LITERAL_NULL_CONVERSION = YES;
				CLANG_WARN_OBJC_IMPLICIT_RETAIN_SELF = YES;
				CLANG_WARN_OBJC_LITERAL_CONVERSION = YES;
				CLANG_WARN_OBJC_ROOT_CLASS = YES_ERROR;
				CLANG_WARN_QUOTED_INCLUDE_IN_FRAMEWORK_HEADER = YES;
				CLANG_WARN_RANGE_LOOP_ANALYSIS = YES;
				CLANG_WARN_STRICT_PROTOTYPES = YES;
				CLANG_WARN_SUSPICIOUS_MOVE = YES;
				CLANG_WARN_UNGUARDED_AVAILABILITY = YES_AGGRESSIVE;
				CLANG_WARN_UNREACHABLE_CODE = YES;
				CLANG_WARN__DUPLICATE_METHOD_MATCH = YES;
				COPY_PHASE_STRIP = NO;
				DEBUG_INFORMATION_FORMAT = "dwarf-with-dsym";
				ENABLE_NS_ASSERTIONS = NO;
				ENABLE_STRICT_OBJC_MSGSEND = YES;
				GCC_C_LANGUAGE_STANDARD = gnu11;
				GCC_NO_COMMON_BLOCKS = YES;
				GCC_WARN_64_TO_32_BIT_CONVERSION = YES;
				GCC_WARN_ABOUT_RETURN_TYPE = YES_ERROR;
				GCC_WARN_UNDECLARED_SELECTOR = YES;
				GCC_WARN_UNINITIALIZED_AUTOS = YES_AGGRESSIVE;
				GCC_WARN_UNUSED_FUNCTION = YES;
				GCC_WARN_UNUSED_VARIABLE = YES;
				IPHONEOS_DEPLOYMENT_TARGET = 16.4;
				MTL_ENABLE_DEBUG_INFO = NO;
				MTL_FAST_MATH = YES;
				SDKROOT = iphoneos;
				SWIFT_COMPILATION_MODE = wholemodule;
				SWIFT_OPTIMIZATION_LEVEL = "-O";
				VALIDATE_PRODUCT = YES;
			};
			name = Release;
		};
		5AE50BE62ADA6D38004E1FD3 /* Debug */ = {
			isa = XCBuildConfiguration;
			buildSettings = {
				ASSETCATALOG_COMPILER_APPICON_NAME = AppIcon;
				ASSETCATALOG_COMPILER_GLOBAL_ACCENT_COLOR_NAME = AccentColor;
				CODE_SIGN_STYLE = Automatic;
				CURRENT_PROJECT_VERSION = 1;
				DEVELOPMENT_TEAM = YZLWXRPJWC;
				GENERATE_INFOPLIST_FILE = YES;
				INFOPLIST_FILE = Application/Info.plist;
				INFOPLIST_KEY_UIApplicationSupportsIndirectInputEvents = YES;
				INFOPLIST_KEY_UILaunchStoryboardName = LaunchScreen;
				INFOPLIST_KEY_UIMainStoryboardFile = Main;
				INFOPLIST_KEY_UISupportedInterfaceOrientations_iPad = "UIInterfaceOrientationPortrait UIInterfaceOrientationPortraitUpsideDown UIInterfaceOrientationLandscapeLeft UIInterfaceOrientationLandscapeRight";
				INFOPLIST_KEY_UISupportedInterfaceOrientations_iPhone = "UIInterfaceOrientationPortrait UIInterfaceOrientationLandscapeLeft UIInterfaceOrientationLandscapeRight";
				LD_RUNPATH_SEARCH_PATHS = (
					"$(inherited)",
					"@executable_path/Frameworks",
				);
				MARKETING_VERSION = 1.0;
				PRODUCT_BUNDLE_IDENTIFIER = comOguzCanbaz.Application;
				PRODUCT_NAME = "$(TARGET_NAME)";
				SWIFT_EMIT_LOC_STRINGS = YES;
				SWIFT_VERSION = 5.0;
				TARGETED_DEVICE_FAMILY = "1,2";
			};
			name = Debug;
		};
		5AE50BE72ADA6D38004E1FD3 /* Release */ = {
			isa = XCBuildConfiguration;
			buildSettings = {
				ASSETCATALOG_COMPILER_APPICON_NAME = AppIcon;
				ASSETCATALOG_COMPILER_GLOBAL_ACCENT_COLOR_NAME = AccentColor;
				CODE_SIGN_STYLE = Automatic;
				CURRENT_PROJECT_VERSION = 1;
				DEVELOPMENT_TEAM = YZLWXRPJWC;
				GENERATE_INFOPLIST_FILE = YES;
				INFOPLIST_FILE = Application/Info.plist;
				INFOPLIST_KEY_UIApplicationSupportsIndirectInputEvents = YES;
				INFOPLIST_KEY_UILaunchStoryboardName = LaunchScreen;
				INFOPLIST_KEY_UIMainStoryboardFile = Main;
				INFOPLIST_KEY_UISupportedInterfaceOrientations_iPad = "UIInterfaceOrientationPortrait UIInterfaceOrientationPortraitUpsideDown UIInterfaceOrientationLandscapeLeft UIInterfaceOrientationLandscapeRight";
				INFOPLIST_KEY_UISupportedInterfaceOrientations_iPhone = "UIInterfaceOrientationPortrait UIInterfaceOrientationLandscapeLeft UIInterfaceOrientationLandscapeRight";
				LD_RUNPATH_SEARCH_PATHS = (
					"$(inherited)",
					"@executable_path/Frameworks",
				);
				MARKETING_VERSION = 1.0;
				PRODUCT_BUNDLE_IDENTIFIER = comOguzCanbaz.Application;
				PRODUCT_NAME = "$(TARGET_NAME)";
				SWIFT_EMIT_LOC_STRINGS = YES;
				SWIFT_VERSION = 5.0;
				TARGETED_DEVICE_FAMILY = "1,2";
			};
			name = Release;
		};
		5AE50BE92ADA6D38004E1FD3 /* Debug */ = {
			isa = XCBuildConfiguration;
			buildSettings = {
				ALWAYS_EMBED_SWIFT_STANDARD_LIBRARIES = YES;
				BUNDLE_LOADER = "$(TEST_HOST)";
				CODE_SIGN_STYLE = Automatic;
				CURRENT_PROJECT_VERSION = 1;
				DEVELOPMENT_TEAM = YZLWXRPJWC;
				GENERATE_INFOPLIST_FILE = YES;
				IPHONEOS_DEPLOYMENT_TARGET = 16.4;
				MARKETING_VERSION = 1.0;
				PRODUCT_BUNDLE_IDENTIFIER = comOguzCanbaz.ApplicationTests;
				PRODUCT_NAME = "$(TARGET_NAME)";
				SWIFT_EMIT_LOC_STRINGS = NO;
				SWIFT_VERSION = 5.0;
				TARGETED_DEVICE_FAMILY = "1,2";
				TEST_HOST = "$(BUILT_PRODUCTS_DIR)/Application.app/$(BUNDLE_EXECUTABLE_FOLDER_PATH)/Application";
			};
			name = Debug;
		};
		5AE50BEA2ADA6D38004E1FD3 /* Release */ = {
			isa = XCBuildConfiguration;
			buildSettings = {
				ALWAYS_EMBED_SWIFT_STANDARD_LIBRARIES = YES;
				BUNDLE_LOADER = "$(TEST_HOST)";
				CODE_SIGN_STYLE = Automatic;
				CURRENT_PROJECT_VERSION = 1;
				DEVELOPMENT_TEAM = YZLWXRPJWC;
				GENERATE_INFOPLIST_FILE = YES;
				IPHONEOS_DEPLOYMENT_TARGET = 16.4;
				MARKETING_VERSION = 1.0;
				PRODUCT_BUNDLE_IDENTIFIER = comOguzCanbaz.ApplicationTests;
				PRODUCT_NAME = "$(TARGET_NAME)";
				SWIFT_EMIT_LOC_STRINGS = NO;
				SWIFT_VERSION = 5.0;
				TARGETED_DEVICE_FAMILY = "1,2";
				TEST_HOST = "$(BUILT_PRODUCTS_DIR)/Application.app/$(BUNDLE_EXECUTABLE_FOLDER_PATH)/Application";
			};
			name = Release;
		};
		5AE50BEC2ADA6D38004E1FD3 /* Debug */ = {
			isa = XCBuildConfiguration;
			buildSettings = {
				ALWAYS_EMBED_SWIFT_STANDARD_LIBRARIES = YES;
				CODE_SIGN_STYLE = Automatic;
				CURRENT_PROJECT_VERSION = 1;
				DEVELOPMENT_TEAM = YZLWXRPJWC;
				GENERATE_INFOPLIST_FILE = YES;
				MARKETING_VERSION = 1.0;
				PRODUCT_BUNDLE_IDENTIFIER = comOguzCanbaz.ApplicationUITests;
				PRODUCT_NAME = "$(TARGET_NAME)";
				SWIFT_EMIT_LOC_STRINGS = NO;
				SWIFT_VERSION = 5.0;
				TARGETED_DEVICE_FAMILY = "1,2";
				TEST_TARGET_NAME = Application;
			};
			name = Debug;
		};
		5AE50BED2ADA6D38004E1FD3 /* Release */ = {
			isa = XCBuildConfiguration;
			buildSettings = {
				ALWAYS_EMBED_SWIFT_STANDARD_LIBRARIES = YES;
				CODE_SIGN_STYLE = Automatic;
				CURRENT_PROJECT_VERSION = 1;
				DEVELOPMENT_TEAM = YZLWXRPJWC;
				GENERATE_INFOPLIST_FILE = YES;
				MARKETING_VERSION = 1.0;
				PRODUCT_BUNDLE_IDENTIFIER = comOguzCanbaz.ApplicationUITests;
				PRODUCT_NAME = "$(TARGET_NAME)";
				SWIFT_EMIT_LOC_STRINGS = NO;
				SWIFT_VERSION = 5.0;
				TARGETED_DEVICE_FAMILY = "1,2";
				TEST_TARGET_NAME = Application;
			};
			name = Release;
		};
/* End XCBuildConfiguration section */

/* Begin XCConfigurationList section */
		5AE50BB62ADA6D37004E1FD3 /* Build configuration list for PBXProject "Application" */ = {
			isa = XCConfigurationList;
			buildConfigurations = (
				5AE50BE32ADA6D38004E1FD3 /* Debug */,
				5AE50BE42ADA6D38004E1FD3 /* Release */,
			);
			defaultConfigurationIsVisible = 0;
			defaultConfigurationName = Release;
		};
		5AE50BE52ADA6D38004E1FD3 /* Build configuration list for PBXNativeTarget "Application" */ = {
			isa = XCConfigurationList;
			buildConfigurations = (
				5AE50BE62ADA6D38004E1FD3 /* Debug */,
				5AE50BE72ADA6D38004E1FD3 /* Release */,
			);
			defaultConfigurationIsVisible = 0;
			defaultConfigurationName = Release;
		};
		5AE50BE82ADA6D38004E1FD3 /* Build configuration list for PBXNativeTarget "ApplicationTests" */ = {
			isa = XCConfigurationList;
			buildConfigurations = (
				5AE50BE92ADA6D38004E1FD3 /* Debug */,
				5AE50BEA2ADA6D38004E1FD3 /* Release */,
			);
			defaultConfigurationIsVisible = 0;
			defaultConfigurationName = Release;
		};
		5AE50BEB2ADA6D38004E1FD3 /* Build configuration list for PBXNativeTarget "ApplicationUITests" */ = {
			isa = XCConfigurationList;
			buildConfigurations = (
				5AE50BEC2ADA6D38004E1FD3 /* Debug */,
				5AE50BED2ADA6D38004E1FD3 /* Release */,
			);
			defaultConfigurationIsVisible = 0;
			defaultConfigurationName = Release;
		};
/* End XCConfigurationList section */

/* Begin XCRemoteSwiftPackageReference section */
		5A89AFD42AF4D16E000F2E4D /* XCRemoteSwiftPackageReference "Kingfisher" */ = {
			isa = XCRemoteSwiftPackageReference;
			repositoryURL = "https://github.com/onevcat/Kingfisher.git";
			requirement = {
				kind = upToNextMajorVersion;
				minimumVersion = 7.0.0;
			};
		};
		5AE50BF82ADA7727004E1FD3 /* XCRemoteSwiftPackageReference "SnapKit" */ = {
			isa = XCRemoteSwiftPackageReference;
			repositoryURL = "https://github.com/SnapKit/SnapKit.git";
			requirement = {
				kind = upToNextMajorVersion;
				minimumVersion = 5.0.0;
			};
		};
		5AE50BFB2ADA773A004E1FD3 /* XCRemoteSwiftPackageReference "TinyConstraints" */ = {
			isa = XCRemoteSwiftPackageReference;
			repositoryURL = "https://github.com/roberthein/TinyConstraints.git";
			requirement = {
				kind = upToNextMajorVersion;
				minimumVersion = 4.0.0;
			};
		};
		6041B7BA2AEF98D90076E0CC /* XCRemoteSwiftPackageReference "Alamofire" */ = {
			isa = XCRemoteSwiftPackageReference;
			repositoryURL = "https://github.com/Alamofire/Alamofire.git";
			requirement = {
				kind = upToNextMajorVersion;
				minimumVersion = 5.8.1;
			};
		};
		6041B7BD2AEF98EE0076E0CC /* XCRemoteSwiftPackageReference "IQKeyboardManager" */ = {
			isa = XCRemoteSwiftPackageReference;
			repositoryURL = "https://github.com/hackiftekhar/IQKeyboardManager.git";
			requirement = {
				kind = upToNextMajorVersion;
				minimumVersion = 6.5.16;
			};
		};
/* End XCRemoteSwiftPackageReference section */

/* Begin XCSwiftPackageProductDependency section */
		5A89AFD52AF4D16E000F2E4D /* Kingfisher */ = {
			isa = XCSwiftPackageProductDependency;
			package = 5A89AFD42AF4D16E000F2E4D /* XCRemoteSwiftPackageReference "Kingfisher" */;
			productName = Kingfisher;
		};
		5AE50BF92ADA7727004E1FD3 /* SnapKit */ = {
			isa = XCSwiftPackageProductDependency;
			package = 5AE50BF82ADA7727004E1FD3 /* XCRemoteSwiftPackageReference "SnapKit" */;
			productName = SnapKit;
		};
		5AE50BFC2ADA773A004E1FD3 /* TinyConstraints */ = {
			isa = XCSwiftPackageProductDependency;
			package = 5AE50BFB2ADA773A004E1FD3 /* XCRemoteSwiftPackageReference "TinyConstraints" */;
			productName = TinyConstraints;
		};
		6041B7BB2AEF98D90076E0CC /* Alamofire */ = {
			isa = XCSwiftPackageProductDependency;
			package = 6041B7BA2AEF98D90076E0CC /* XCRemoteSwiftPackageReference "Alamofire" */;
			productName = Alamofire;
		};
		6041B7BE2AEF98EE0076E0CC /* IQKeyboardManagerSwift */ = {
			isa = XCSwiftPackageProductDependency;
			package = 6041B7BD2AEF98EE0076E0CC /* XCRemoteSwiftPackageReference "IQKeyboardManager" */;
			productName = IQKeyboardManagerSwift;
		};
/* End XCSwiftPackageProductDependency section */
	};
	rootObject = 5AE50BB32ADA6D37004E1FD3 /* Project object */;
}
